
Microsoft Visual Studio Solution File, Format Version 12.00
# Visual Studio 15
VisualStudioVersion = 15.0.27703.2026
MinimumVisualStudioVersion = 10.0.40219.1
Project("{FAE04EC0-301F-11D3-BF4B-00C04F79EFBC}") = "BonusLab17", "BonusLab17\BonusLab17.csproj", "{28998371-9001-4E72-AE10-A5360E01BA21}"
EndProject
Global
	GlobalSection(SolutionConfigurationPlatforms) = preSolution
		Debug|Any CPU = Debug|Any CPU
		Release|Any CPU = Release|Any CPU
	EndGlobalSection
	GlobalSection(ProjectConfigurationPlatforms) = postSolution
		{28998371-9001-4E72-AE10-A5360E01BA21}.Debug|Any CPU.ActiveCfg = Debug|Any CPU
		{28998371-9001-4E72-AE10-A5360E01BA21}.Debug|Any CPU.Build.0 = Debug|Any CPU
		{28998371-9001-4E72-AE10-A5360E01BA21}.Release|Any CPU.ActiveCfg = Release|Any CPU
		{28998371-9001-4E72-AE10-A5360E01BA21}.Release|Any CPU.Build.0 = Release|Any CPU
	EndGlobalSection
	GlobalSection(SolutionProperties) = preSolution
		HideSolutionNode = FALSE
	EndGlobalSection
	GlobalSection(ExtensibilityGlobals) = postSolution
		SolutionGuid = {EFFE4F1A-5EA9-4972-AEEA-3B3D2AB05C8A}
	EndGlobalSection
EndGlobal
